// !$*UTF8*$!
{
	archiveVersion = 1;
	classes = {
	};
	objectVersion = 46;
	objects = {

/* Begin PBXBuildFile section */
		DA0DB9831549BDEE00B46107 /* SMKException.cpp in Sources */ = {isa = PBXBuildFile; fileRef = DA0DB9811549BDEE00B46107 /* SMKException.cpp */; };
		DA0DB9881549D33700B46107 /* NSFileHandleStreamBuf.mm in Sources */ = {isa = PBXBuildFile; fileRef = DA0DB9861549D33600B46107 /* NSFileHandleStreamBuf.mm */; };
		DA0DB9891549D33700B46107 /* NSFileHandleStreamBuf.h in Headers */ = {isa = PBXBuildFile; fileRef = DA0DB9871549D33700B46107 /* NSFileHandleStreamBuf.h */; };
		DA50D1F9154EC5E100F1A9C2 /* libStlUtils_g.a.11.01.01 in Frameworks */ = {isa = PBXBuildFile; fileRef = DA50D1F8154EC5E100F1A9C2 /* libStlUtils_g.a.11.01.01 */; };
		DA50D1FC154EC5F300F1A9C2 /* libGnuRegex_s.a.3.01.01 in Frameworks */ = {isa = PBXBuildFile; fileRef = DA50D1FB154EC5F300F1A9C2 /* libGnuRegex_s.a.3.01.01 */; };
		DA50D1FE154EC60000F1A9C2 /* libCommon_s.a.4.01.01 in Frameworks */ = {isa = PBXBuildFile; fileRef = DA50D1FD154EC60000F1A9C2 /* libCommon_s.a.4.01.01 */; };
		DA50D200154EC60800F1A9C2 /* libstdc++.dylib in Frameworks */ = {isa = PBXBuildFile; fileRef = DA50D1FF154EC60800F1A9C2 /* libstdc++.dylib */; };
		DAAF1087150E43FC004BBF55 /* SMKConfig.h in Headers */ = {isa = PBXBuildFile; fileRef = DAAF1086150E43FC004BBF55 /* SMKConfig.h */; settings = {ATTRIBUTES = (Public, ); }; };
		DAB7F4BE14F51B4500D7339B /* SMKLogger.h in Headers */ = {isa = PBXBuildFile; fileRef = DAB7F4B814F51B4500D7339B /* SMKLogger.h */; settings = {ATTRIBUTES = (Public, ); }; };
		DAB7F4BF14F51B4500D7339B /* SMKLogger.m in Sources */ = {isa = PBXBuildFile; fileRef = DAB7F4B914F51B4500D7339B /* SMKLogger.m */; };
		DAB7F4C014F51B4500D7339B /* SMKLogin.h in Headers */ = {isa = PBXBuildFile; fileRef = DAB7F4BA14F51B4500D7339B /* SMKLogin.h */; settings = {ATTRIBUTES = (Public, ); }; };
		DAB7F4C114F51B4500D7339B /* SMKLogin.m in Sources */ = {isa = PBXBuildFile; fileRef = DAB7F4BB14F51B4500D7339B /* SMKLogin.m */; };
		DAB7F4C414F51B9700D7339B /* Foundation.framework in Frameworks */ = {isa = PBXBuildFile; fileRef = DADEA99D14F515ED00AF5176 /* Foundation.framework */; };
		DAB7F4C814F51EB200D7339B /* SMKException.h in Headers */ = {isa = PBXBuildFile; fileRef = DAB7F4C614F51EB200D7339B /* SMKException.h */; settings = {ATTRIBUTES = (Public, ); }; };
		DAB7F4C914F51EB200D7339B /* SMKException.m in Sources */ = {isa = PBXBuildFile; fileRef = DAB7F4C714F51EB200D7339B /* SMKException.m */; };
		DAB7F4CA14F5247400D7339B /* Foundation.framework in Frameworks */ = {isa = PBXBuildFile; fileRef = DADEA99D14F515ED00AF5176 /* Foundation.framework */; };
		DAB7F4CC14F524A700D7339B /* Security.framework in Frameworks */ = {isa = PBXBuildFile; fileRef = DAB7F4CB14F524A700D7339B /* Security.framework */; };
		DAC7827A150E318300DE7723 /* SMKAspect.m in Sources */ = {isa = PBXBuildFile; fileRef = DAC78278150E318300DE7723 /* SMKAspect.m */; };
		DACAD9811529C685006BF369 /* SMKObjcException.h in Headers */ = {isa = PBXBuildFile; fileRef = DACAD9801529C685006BF369 /* SMKObjcException.h */; };
		DAD814AC1525D66D00346B73 /* SMKMp4Support.c in Sources */ = {isa = PBXBuildFile; fileRef = DAD814AB1525D66D00346B73 /* SMKMp4Support.c */; };
		DAD814AF1525D68800346B73 /* SMKMp4Support.h in Headers */ = {isa = PBXBuildFile; fileRef = DAD814AE1525D68800346B73 /* SMKMp4Support.h */; settings = {ATTRIBUTES = (Public, ); }; };
		DAD814B1152610D400346B73 /* SMKCommon.h in Headers */ = {isa = PBXBuildFile; fileRef = DAD814B0152610D400346B73 /* SMKCommon.h */; settings = {ATTRIBUTES = (Public, ); }; };
		DAD814B31526121700346B73 /* SMKCommon.c in Sources */ = {isa = PBXBuildFile; fileRef = DAD814B21526121700346B73 /* SMKCommon.c */; };
		DADEA9A314F515ED00AF5176 /* SMKObjcCommon.m in Sources */ = {isa = PBXBuildFile; fileRef = DADEA9A214F515ED00AF5176 /* SMKObjcCommon.m */; };
		DADEA9AB14F515EE00AF5176 /* SenTestingKit.framework in Frameworks */ = {isa = PBXBuildFile; fileRef = DADEA9AA14F515EE00AF5176 /* SenTestingKit.framework */; };
		DADEA9AF14F515EE00AF5176 /* libSMKCommon.a in Frameworks */ = {isa = PBXBuildFile; fileRef = DADEA99514F515ED00AF5176 /* libSMKCommon.a */; };
		DADEA9B514F515EE00AF5176 /* InfoPlist.strings in Resources */ = {isa = PBXBuildFile; fileRef = DADEA9B314F515EE00AF5176 /* InfoPlist.strings */; };
		DADEA9B814F515EE00AF5176 /* SMKCommonTests.m in Sources */ = {isa = PBXBuildFile; fileRef = DADEA9B714F515EE00AF5176 /* SMKCommonTests.m */; };
		DADEA9C214F516FE00AF5176 /* SMKObjcCommon.h in Headers */ = {isa = PBXBuildFile; fileRef = DADEA9A114F515ED00AF5176 /* SMKObjcCommon.h */; settings = {ATTRIBUTES = (Public, ); }; };
		DADEA9C514F5172F00AF5176 /* Incremental.h in Headers */ = {isa = PBXBuildFile; fileRef = DADEA9C314F5172F00AF5176 /* Incremental.h */; settings = {ATTRIBUTES = (Public, ); }; };
		DADEA9C614F5172F00AF5176 /* Incremental.m in Sources */ = {isa = PBXBuildFile; fileRef = DADEA9C414F5172F00AF5176 /* Incremental.m */; };
		DAF37C2F1548B40900D3C817 /* StlUtilsLogTie.h in Headers */ = {isa = PBXBuildFile; fileRef = DAF37C2D1548B40900D3C817 /* StlUtilsLogTie.h */; };
		DAF37C301548B40900D3C817 /* StlUtilsLogTie.mm in Sources */ = {isa = PBXBuildFile; fileRef = DAF37C2E1548B40900D3C817 /* StlUtilsLogTie.mm */; };
/* End PBXBuildFile section */

/* Begin PBXContainerItemProxy section */
		DADEA9AD14F515EE00AF5176 /* PBXContainerItemProxy */ = {
			isa = PBXContainerItemProxy;
			containerPortal = DADEA98C14F515ED00AF5176 /* Project object */;
			proxyType = 1;
			remoteGlobalIDString = DADEA99414F515ED00AF5176;
			remoteInfo = SMKCommon;
		};
/* End PBXContainerItemProxy section */

/* Begin PBXFileReference section */
		DA0DB9811549BDEE00B46107 /* SMKException.cpp */ = {isa = PBXFileReference; fileEncoding = 4; lastKnownFileType = sourcecode.cpp.cpp; path = SMKException.cpp; sourceTree = "<group>"; };
		DA0DB9861549D33600B46107 /* NSFileHandleStreamBuf.mm */ = {isa = PBXFileReference; fileEncoding = 4; lastKnownFileType = sourcecode.cpp.objcpp; path = NSFileHandleStreamBuf.mm; sourceTree = "<group>"; };
		DA0DB9871549D33700B46107 /* NSFileHandleStreamBuf.h */ = {isa = PBXFileReference; fileEncoding = 4; lastKnownFileType = sourcecode.c.h; name = NSFileHandleStreamBuf.h; path = SMKCommon/NSFileHandleStreamBuf.h; sourceTree = "<group>"; };
		DA50D1F8154EC5E100F1A9C2 /* libStlUtils_g.a.11.01.01 */ = {isa = PBXFileReference; name = libStlUtils_g.a.11.01.01; path = /Support/lib/libStlUtils_g.a.11.01.01; sourceTree = "<absolute>"; };
		DA50D1FB154EC5F300F1A9C2 /* libGnuRegex_s.a.3.01.01 */ = {isa = PBXFileReference; name = libGnuRegex_s.a.3.01.01; path = /Support/lib/libGnuRegex_s.a.3.01.01; sourceTree = "<absolute>"; };
		DA50D1FD154EC60000F1A9C2 /* libCommon_s.a.4.01.01 */ = {isa = PBXFileReference; name = libCommon_s.a.4.01.01; path = /Support/lib/libCommon_s.a.4.01.01; sourceTree = "<absolute>"; };
		DA50D1FF154EC60800F1A9C2 /* libstdc++.dylib */ = {isa = PBXFileReference; lastKnownFileType = "compiled.mach-o.dylib"; name = "libstdc++.dylib"; path = "usr/lib/i686-apple-darwin11/4.2.1/libstdc++.dylib"; sourceTree = SDKROOT; };
		DAAF1086150E43FC004BBF55 /* SMKConfig.h */ = {isa = PBXFileReference; fileEncoding = 4; lastKnownFileType = sourcecode.c.h; name = SMKConfig.h; path = SMKCommon/SMKConfig.h; sourceTree = "<group>"; };
		DAB7F4B814F51B4500D7339B /* SMKLogger.h */ = {isa = PBXFileReference; fileEncoding = 4; lastKnownFileType = sourcecode.c.h; name = SMKLogger.h; path = SMKCommon/SMKLogger.h; sourceTree = "<group>"; };
		DAB7F4B914F51B4500D7339B /* SMKLogger.m */ = {isa = PBXFileReference; fileEncoding = 4; lastKnownFileType = sourcecode.c.objc; path = SMKLogger.m; sourceTree = "<group>"; };
		DAB7F4BA14F51B4500D7339B /* SMKLogin.h */ = {isa = PBXFileReference; fileEncoding = 4; lastKnownFileType = sourcecode.c.h; name = SMKLogin.h; path = SMKCommon/SMKLogin.h; sourceTree = "<group>"; };
		DAB7F4BB14F51B4500D7339B /* SMKLogin.m */ = {isa = PBXFileReference; fileEncoding = 4; lastKnownFileType = sourcecode.c.objc; path = SMKLogin.m; sourceTree = "<group>"; };
		DAB7F4C614F51EB200D7339B /* SMKException.h */ = {isa = PBXFileReference; fileEncoding = 4; lastKnownFileType = sourcecode.c.h; name = SMKException.h; path = SMKCommon/SMKException.h; sourceTree = "<group>"; };
		DAB7F4C714F51EB200D7339B /* SMKException.m */ = {isa = PBXFileReference; fileEncoding = 4; lastKnownFileType = sourcecode.c.objc; path = SMKException.m; sourceTree = "<group>"; };
		DAB7F4CB14F524A700D7339B /* Security.framework */ = {isa = PBXFileReference; lastKnownFileType = wrapper.framework; name = Security.framework; path = System/Library/Frameworks/Security.framework; sourceTree = SDKROOT; };
		DAC78278150E318300DE7723 /* SMKAspect.m */ = {isa = PBXFileReference; fileEncoding = 4; lastKnownFileType = sourcecode.c.objc; path = SMKAspect.m; sourceTree = "<group>"; };
		DACAD9801529C685006BF369 /* SMKObjcException.h */ = {isa = PBXFileReference; fileEncoding = 4; lastKnownFileType = sourcecode.c.h; name = SMKObjcException.h; path = SMKCommon/SMKObjcException.h; sourceTree = "<group>"; };
		DAD814AB1525D66D00346B73 /* SMKMp4Support.c */ = {isa = PBXFileReference; fileEncoding = 4; lastKnownFileType = sourcecode.c.c; path = SMKMp4Support.c; sourceTree = "<group>"; };
		DAD814AE1525D68800346B73 /* SMKMp4Support.h */ = {isa = PBXFileReference; fileEncoding = 4; lastKnownFileType = sourcecode.c.h; name = SMKMp4Support.h; path = SMKCommon/SMKMp4Support.h; sourceTree = "<group>"; };
		DAD814B0152610D400346B73 /* SMKCommon.h */ = {isa = PBXFileReference; fileEncoding = 4; lastKnownFileType = sourcecode.c.h; path = SMKCommon.h; sourceTree = "<group>"; };
		DAD814B21526121700346B73 /* SMKCommon.c */ = {isa = PBXFileReference; fileEncoding = 4; lastKnownFileType = sourcecode.c.c; path = SMKCommon.c; sourceTree = "<group>"; };
		DADEA99514F515ED00AF5176 /* libSMKCommon.a */ = {isa = PBXFileReference; explicitFileType = archive.ar; includeInIndex = 0; path = libSMKCommon.a; sourceTree = BUILT_PRODUCTS_DIR; };
		DADEA99D14F515ED00AF5176 /* Foundation.framework */ = {isa = PBXFileReference; lastKnownFileType = wrapper.framework; name = Foundation.framework; path = System/Library/Frameworks/Foundation.framework; sourceTree = SDKROOT; };
		DADEA9A014F515ED00AF5176 /* SMKCommon-Prefix.pch */ = {isa = PBXFileReference; lastKnownFileType = sourcecode.c.h; path = "SMKCommon-Prefix.pch"; sourceTree = "<group>"; };
		DADEA9A114F515ED00AF5176 /* SMKObjcCommon.h */ = {isa = PBXFileReference; lastKnownFileType = sourcecode.c.h; name = SMKObjcCommon.h; path = SMKCommon/SMKObjcCommon.h; sourceTree = "<group>"; };
		DADEA9A214F515ED00AF5176 /* SMKObjcCommon.m */ = {isa = PBXFileReference; lastKnownFileType = sourcecode.c.objc; path = SMKObjcCommon.m; sourceTree = "<group>"; };
		DADEA9A914F515EE00AF5176 /* SMKCommonTests.octest */ = {isa = PBXFileReference; explicitFileType = wrapper.cfbundle; includeInIndex = 0; path = SMKCommonTests.octest; sourceTree = BUILT_PRODUCTS_DIR; };
		DADEA9AA14F515EE00AF5176 /* SenTestingKit.framework */ = {isa = PBXFileReference; lastKnownFileType = wrapper.framework; name = SenTestingKit.framework; path = Library/Frameworks/SenTestingKit.framework; sourceTree = DEVELOPER_DIR; };
		DADEA9B214F515EE00AF5176 /* SMKCommonTests-Info.plist */ = {isa = PBXFileReference; lastKnownFileType = text.plist.xml; path = "SMKCommonTests-Info.plist"; sourceTree = "<group>"; };
		DADEA9B414F515EE00AF5176 /* en */ = {isa = PBXFileReference; lastKnownFileType = text.plist.strings; name = en; path = en.lproj/InfoPlist.strings; sourceTree = "<group>"; };
		DADEA9B614F515EE00AF5176 /* SMKCommonTests.h */ = {isa = PBXFileReference; lastKnownFileType = sourcecode.c.h; path = SMKCommonTests.h; sourceTree = "<group>"; };
		DADEA9B714F515EE00AF5176 /* SMKCommonTests.m */ = {isa = PBXFileReference; lastKnownFileType = sourcecode.c.objc; path = SMKCommonTests.m; sourceTree = "<group>"; };
		DADEA9C314F5172F00AF5176 /* Incremental.h */ = {isa = PBXFileReference; fileEncoding = 4; lastKnownFileType = sourcecode.c.h; name = Incremental.h; path = SMKCommon/Incremental.h; sourceTree = "<group>"; };
		DADEA9C414F5172F00AF5176 /* Incremental.m */ = {isa = PBXFileReference; fileEncoding = 4; lastKnownFileType = sourcecode.c.objc; path = Incremental.m; sourceTree = "<group>"; };
		DAF37C2D1548B40900D3C817 /* StlUtilsLogTie.h */ = {isa = PBXFileReference; fileEncoding = 4; lastKnownFileType = sourcecode.c.h; path = StlUtilsLogTie.h; sourceTree = "<group>"; };
		DAF37C2E1548B40900D3C817 /* StlUtilsLogTie.mm */ = {isa = PBXFileReference; fileEncoding = 4; lastKnownFileType = sourcecode.cpp.objcpp; path = StlUtilsLogTie.mm; sourceTree = "<group>"; };
/* End PBXFileReference section */

/* Begin PBXFrameworksBuildPhase section */
		DADEA99214F515ED00AF5176 /* Frameworks */ = {
			isa = PBXFrameworksBuildPhase;
			buildActionMask = 2147483647;
			files = (
				DAB7F4C414F51B9700D7339B /* Foundation.framework in Frameworks */,
			);
			runOnlyForDeploymentPostprocessing = 0;
		};
		DADEA9A514F515EE00AF5176 /* Frameworks */ = {
			isa = PBXFrameworksBuildPhase;
			buildActionMask = 2147483647;
			files = (
				DA50D200154EC60800F1A9C2 /* libstdc++.dylib in Frameworks */,
				DA50D1FE154EC60000F1A9C2 /* libCommon_s.a.4.01.01 in Frameworks */,
				DA50D1FC154EC5F300F1A9C2 /* libGnuRegex_s.a.3.01.01 in Frameworks */,
				DA50D1F9154EC5E100F1A9C2 /* libStlUtils_g.a.11.01.01 in Frameworks */,
				DADEA9AF14F515EE00AF5176 /* libSMKCommon.a in Frameworks */,
				DAB7F4CC14F524A700D7339B /* Security.framework in Frameworks */,
				DADEA9AB14F515EE00AF5176 /* SenTestingKit.framework in Frameworks */,
				DAB7F4CA14F5247400D7339B /* Foundation.framework in Frameworks */,
			);
			runOnlyForDeploymentPostprocessing = 0;
		};
/* End PBXFrameworksBuildPhase section */

/* Begin PBXGroup section */
		DADEA98A14F515ED00AF5176 = {
			isa = PBXGroup;
			children = (
				DADEA9C114F516BC00AF5176 /* Public Headers */,
				DADEA99E14F515ED00AF5176 /* Sources */,
				DADEA99F14F515ED00AF5176 /* Supporting Files */,
				DADEA9B014F515EE00AF5176 /* SMKCommonTests */,
				DADEA99714F515ED00AF5176 /* Frameworks */,
				DADEA99614F515ED00AF5176 /* Products */,
			);
			sourceTree = "<group>";
		};
		DADEA99614F515ED00AF5176 /* Products */ = {
			isa = PBXGroup;
			children = (
				DADEA99514F515ED00AF5176 /* libSMKCommon.a */,
				DADEA9A914F515EE00AF5176 /* SMKCommonTests.octest */,
			);
			name = Products;
			sourceTree = "<group>";
		};
		DADEA99714F515ED00AF5176 /* Frameworks */ = {
			isa = PBXGroup;
			children = (
				DA50D1FF154EC60800F1A9C2 /* libstdc++.dylib */,
				DA50D1FD154EC60000F1A9C2 /* libCommon_s.a.4.01.01 */,
				DA50D1FB154EC5F300F1A9C2 /* libGnuRegex_s.a.3.01.01 */,
				DA50D1F8154EC5E100F1A9C2 /* libStlUtils_g.a.11.01.01 */,
				DAB7F4CB14F524A700D7339B /* Security.framework */,
				DADEA99D14F515ED00AF5176 /* Foundation.framework */,
				DADEA9AA14F515EE00AF5176 /* SenTestingKit.framework */,
			);
			name = Frameworks;
			sourceTree = "<group>";
		};
		DADEA99E14F515ED00AF5176 /* Sources */ = {
			isa = PBXGroup;
			children = (
				DAD814B21526121700346B73 /* SMKCommon.c */,
				DADEA9A214F515ED00AF5176 /* SMKObjcCommon.m */,
				DAB7F4C714F51EB200D7339B /* SMKException.m */,
				DA0DB9811549BDEE00B46107 /* SMKException.cpp */,
				DAC78278150E318300DE7723 /* SMKAspect.m */,
				DAB7F4B914F51B4500D7339B /* SMKLogger.m */,
				DAB7F4BB14F51B4500D7339B /* SMKLogin.m */,
				DADEA9C414F5172F00AF5176 /* Incremental.m */,
				DAD814AB1525D66D00346B73 /* SMKMp4Support.c */,
				DAF37C2D1548B40900D3C817 /* StlUtilsLogTie.h */,
				DAF37C2E1548B40900D3C817 /* StlUtilsLogTie.mm */,
				DA0DB9861549D33600B46107 /* NSFileHandleStreamBuf.mm */,
			);
			name = Sources;
			path = SMKCommon;
			sourceTree = "<group>";
		};
		DADEA99F14F515ED00AF5176 /* Supporting Files */ = {
			isa = PBXGroup;
			children = (
				DADEA9A014F515ED00AF5176 /* SMKCommon-Prefix.pch */,
			);
			name = "Supporting Files";
			path = SMKCommon;
			sourceTree = "<group>";
		};
		DADEA9B014F515EE00AF5176 /* SMKCommonTests */ = {
			isa = PBXGroup;
			children = (
				DADEA9B614F515EE00AF5176 /* SMKCommonTests.h */,
				DADEA9B714F515EE00AF5176 /* SMKCommonTests.m */,
				DADEA9B114F515EE00AF5176 /* Supporting Files */,
			);
			path = SMKCommonTests;
			sourceTree = "<group>";
		};
		DADEA9B114F515EE00AF5176 /* Supporting Files */ = {
			isa = PBXGroup;
			children = (
				DADEA9B214F515EE00AF5176 /* SMKCommonTests-Info.plist */,
				DADEA9B314F515EE00AF5176 /* InfoPlist.strings */,
			);
			name = "Supporting Files";
			sourceTree = "<group>";
		};
		DADEA9C114F516BC00AF5176 /* Public Headers */ = {
			isa = PBXGroup;
			children = (
				DAAF1086150E43FC004BBF55 /* SMKConfig.h */,
				DAD814B0152610D400346B73 /* SMKCommon.h */,
				DA0DB9871549D33700B46107 /* NSFileHandleStreamBuf.h */,
				DADEA9A114F515ED00AF5176 /* SMKObjcCommon.h */,
				DAB7F4C614F51EB200D7339B /* SMKException.h */,
				DACAD9801529C685006BF369 /* SMKObjcException.h */,
				DAD814AE1525D68800346B73 /* SMKMp4Support.h */,
				DADEA9C314F5172F00AF5176 /* Incremental.h */,
				DAB7F4B814F51B4500D7339B /* SMKLogger.h */,
				DAB7F4BA14F51B4500D7339B /* SMKLogin.h */,
			);
			name = "Public Headers";
			sourceTree = "<group>";
		};
/* End PBXGroup section */

/* Begin PBXHeadersBuildPhase section */
		DADEA99314F515ED00AF5176 /* Headers */ = {
			isa = PBXHeadersBuildPhase;
			buildActionMask = 2147483647;
			files = (
				DADEA9C214F516FE00AF5176 /* SMKObjcCommon.h in Headers */,
				DADEA9C514F5172F00AF5176 /* Incremental.h in Headers */,
				DAB7F4BE14F51B4500D7339B /* SMKLogger.h in Headers */,
				DAB7F4C014F51B4500D7339B /* SMKLogin.h in Headers */,
				DAB7F4C814F51EB200D7339B /* SMKException.h in Headers */,
				DAAF1087150E43FC004BBF55 /* SMKConfig.h in Headers */,
				DAD814AF1525D68800346B73 /* SMKMp4Support.h in Headers */,
				DAD814B1152610D400346B73 /* SMKCommon.h in Headers */,
				DACAD9811529C685006BF369 /* SMKObjcException.h in Headers */,
				DAF37C2F1548B40900D3C817 /* StlUtilsLogTie.h in Headers */,
				DA0DB9891549D33700B46107 /* NSFileHandleStreamBuf.h in Headers */,
			);
			runOnlyForDeploymentPostprocessing = 0;
		};
/* End PBXHeadersBuildPhase section */

/* Begin PBXNativeTarget section */
		DADEA99414F515ED00AF5176 /* SMKCommon */ = {
			isa = PBXNativeTarget;
			buildConfigurationList = DADEA9BB14F515EE00AF5176 /* Build configuration list for PBXNativeTarget "SMKCommon" */;
			buildPhases = (
				DADEA99114F515ED00AF5176 /* Sources */,
				DADEA99214F515ED00AF5176 /* Frameworks */,
				DADEA99314F515ED00AF5176 /* Headers */,
			);
			buildRules = (
			);
			dependencies = (
			);
			name = SMKCommon;
			productName = SMKCommon;
			productReference = DADEA99514F515ED00AF5176 /* libSMKCommon.a */;
			productType = "com.apple.product-type.library.static";
		};
		DADEA9A814F515EE00AF5176 /* SMKCommonTests */ = {
			isa = PBXNativeTarget;
			buildConfigurationList = DADEA9BE14F515EE00AF5176 /* Build configuration list for PBXNativeTarget "SMKCommonTests" */;
			buildPhases = (
				DADEA9A414F515EE00AF5176 /* Sources */,
				DADEA9A514F515EE00AF5176 /* Frameworks */,
				DADEA9A614F515EE00AF5176 /* Resources */,
				DADEA9A714F515EE00AF5176 /* ShellScript */,
			);
			buildRules = (
			);
			dependencies = (
				DADEA9AE14F515EE00AF5176 /* PBXTargetDependency */,
			);
			name = SMKCommonTests;
			productName = SMKCommonTests;
			productReference = DADEA9A914F515EE00AF5176 /* SMKCommonTests.octest */;
			productType = "com.apple.product-type.bundle";
		};
/* End PBXNativeTarget section */

/* Begin PBXProject section */
		DADEA98C14F515ED00AF5176 /* Project object */ = {
			isa = PBXProject;
			attributes = {
				LastUpgradeCheck = 0440;
				ORGANIZATIONNAME = "Secure Media Keepers";
			};
			buildConfigurationList = DADEA98F14F515ED00AF5176 /* Build configuration list for PBXProject "SMKCommon" */;
			compatibilityVersion = "Xcode 3.2";
			developmentRegion = English;
			hasScannedForEncodings = 0;
			knownRegions = (
				en,
			);
			mainGroup = DADEA98A14F515ED00AF5176;
			productRefGroup = DADEA99614F515ED00AF5176 /* Products */;
			projectDirPath = "";
			projectRoot = "";
			targets = (
				DADEA99414F515ED00AF5176 /* SMKCommon */,
				DADEA9A814F515EE00AF5176 /* SMKCommonTests */,
			);
		};
/* End PBXProject section */

/* Begin PBXResourcesBuildPhase section */
		DADEA9A614F515EE00AF5176 /* Resources */ = {
			isa = PBXResourcesBuildPhase;
			buildActionMask = 2147483647;
			files = (
				DADEA9B514F515EE00AF5176 /* InfoPlist.strings in Resources */,
			);
			runOnlyForDeploymentPostprocessing = 0;
		};
/* End PBXResourcesBuildPhase section */

/* Begin PBXShellScriptBuildPhase section */
		DADEA9A714F515EE00AF5176 /* ShellScript */ = {
			isa = PBXShellScriptBuildPhase;
			buildActionMask = 2147483647;
			files = (
			);
			inputPaths = (
			);
			outputPaths = (
			);
			runOnlyForDeploymentPostprocessing = 0;
			shellPath = /bin/sh;
			shellScript = "# Run the unit tests in this test bundle.\n\"${SYSTEM_DEVELOPER_DIR}/Tools/RunUnitTests\"\n";
		};
/* End PBXShellScriptBuildPhase section */

/* Begin PBXSourcesBuildPhase section */
		DADEA99114F515ED00AF5176 /* Sources */ = {
			isa = PBXSourcesBuildPhase;
			buildActionMask = 2147483647;
			files = (
				DADEA9A314F515ED00AF5176 /* SMKObjcCommon.m in Sources */,
				DADEA9C614F5172F00AF5176 /* Incremental.m in Sources */,
				DAB7F4BF14F51B4500D7339B /* SMKLogger.m in Sources */,
				DAB7F4C114F51B4500D7339B /* SMKLogin.m in Sources */,
				DAB7F4C914F51EB200D7339B /* SMKException.m in Sources */,
				DAC7827A150E318300DE7723 /* SMKAspect.m in Sources */,
				DAD814AC1525D66D00346B73 /* SMKMp4Support.c in Sources */,
				DAD814B31526121700346B73 /* SMKCommon.c in Sources */,
				DAF37C301548B40900D3C817 /* StlUtilsLogTie.mm in Sources */,
				DA0DB9831549BDEE00B46107 /* SMKException.cpp in Sources */,
				DA0DB9881549D33700B46107 /* NSFileHandleStreamBuf.mm in Sources */,
			);
			runOnlyForDeploymentPostprocessing = 0;
		};
		DADEA9A414F515EE00AF5176 /* Sources */ = {
			isa = PBXSourcesBuildPhase;
			buildActionMask = 2147483647;
			files = (
				DADEA9B814F515EE00AF5176 /* SMKCommonTests.m in Sources */,
			);
			runOnlyForDeploymentPostprocessing = 0;
		};
/* End PBXSourcesBuildPhase section */

/* Begin PBXTargetDependency section */
		DADEA9AE14F515EE00AF5176 /* PBXTargetDependency */ = {
			isa = PBXTargetDependency;
			target = DADEA99414F515ED00AF5176 /* SMKCommon */;
			targetProxy = DADEA9AD14F515EE00AF5176 /* PBXContainerItemProxy */;
		};
/* End PBXTargetDependency section */

/* Begin PBXVariantGroup section */
		DADEA9B314F515EE00AF5176 /* InfoPlist.strings */ = {
			isa = PBXVariantGroup;
			children = (
				DADEA9B414F515EE00AF5176 /* en */,
			);
			name = InfoPlist.strings;
			sourceTree = "<group>";
		};
/* End PBXVariantGroup section */

/* Begin XCBuildConfiguration section */
		DADEA9B914F515EE00AF5176 /* Debug */ = {
			isa = XCBuildConfiguration;
			buildSettings = {
				ALWAYS_SEARCH_USER_PATHS = NO;
				ARCHS = "$(ARCHS_STANDARD_64_BIT)";
				CLANG_ENABLE_OBJC_ARC = YES;
				COMBINE_HIDPI_IMAGES = YES;
				COPY_PHASE_STRIP = NO;
				GCC_C_LANGUAGE_STANDARD = gnu99;
				GCC_DYNAMIC_NO_PIC = NO;
				GCC_ENABLE_OBJC_EXCEPTIONS = YES;
				GCC_OPTIMIZATION_LEVEL = 0;
				GCC_PREPROCESSOR_DEFINITIONS = (
					"DEBUG=1",
					"$(inherited)",
				);
				GCC_SYMBOLS_PRIVATE_EXTERN = NO;
				GCC_VERSION = com.apple.compilers.llvm.clang.1_0;
				GCC_WARN_64_TO_32_BIT_CONVERSION = YES;
				GCC_WARN_ABOUT_MISSING_PROTOTYPES = YES;
				GCC_WARN_ABOUT_RETURN_TYPE = YES;
				GCC_WARN_UNUSED_VARIABLE = YES;
				HEADER_SEARCH_PATHS = (
					"$(BUILD_DIR)/$(CONFIGURATION)$(EFFECTIVE_PLATFORM_NAME)/Support/include",
					/Support/include,
				);
				MACOSX_DEPLOYMENT_TARGET = 10.7;
				ONLY_ACTIVE_ARCH = YES;
				SDKROOT = macosx;
				USER_HEADER_SEARCH_PATHS = "$(BUILD_DIR)/$(CONFIGURATION)$(EFFECTIVE_PLATFORM_NAME)/Support/include /Support/include";
			};
			name = Debug;
		};
		DADEA9BA14F515EE00AF5176 /* Release */ = {
			isa = XCBuildConfiguration;
			buildSettings = {
				ALWAYS_SEARCH_USER_PATHS = NO;
				ARCHS = "$(ARCHS_STANDARD_64_BIT)";
				CLANG_ENABLE_OBJC_ARC = YES;
				COMBINE_HIDPI_IMAGES = YES;
				COPY_PHASE_STRIP = YES;
				DEBUG_INFORMATION_FORMAT = "dwarf-with-dsym";
				GCC_C_LANGUAGE_STANDARD = gnu99;
				GCC_ENABLE_OBJC_EXCEPTIONS = YES;
				GCC_VERSION = com.apple.compilers.llvm.clang.1_0;
				GCC_WARN_64_TO_32_BIT_CONVERSION = YES;
				GCC_WARN_ABOUT_MISSING_PROTOTYPES = YES;
				GCC_WARN_ABOUT_RETURN_TYPE = YES;
				GCC_WARN_UNUSED_VARIABLE = YES;
				HEADER_SEARCH_PATHS = (
					"$(BUILD_DIR)/$(CONFIGURATION)$(EFFECTIVE_PLATFORM_NAME)/Support/include",
					/Support/include,
				);
				MACOSX_DEPLOYMENT_TARGET = 10.7;
				SDKROOT = macosx;
				USER_HEADER_SEARCH_PATHS = "$(BUILD_DIR)/$(CONFIGURATION)$(EFFECTIVE_PLATFORM_NAME)/Support/include /Support/include";
			};
			name = Release;
		};
		DADEA9BC14F515EE00AF5176 /* Debug */ = {
			isa = XCBuildConfiguration;
			buildSettings = {
				GCC_PRECOMPILE_PREFIX_HEADER = YES;
				GCC_PREFIX_HEADER = "SMKCommon/SMKCommon-Prefix.pch";
				INSTALL_PATH = /Support/lib;
				PRIVATE_HEADERS_FOLDER_PATH = /Support/include;
				PRODUCT_NAME = "$(TARGET_NAME)";
				PUBLIC_HEADERS_FOLDER_PATH = /Support/include;
			};
			name = Debug;
		};
		DADEA9BD14F515EE00AF5176 /* Release */ = {
			isa = XCBuildConfiguration;
			buildSettings = {
				GCC_PRECOMPILE_PREFIX_HEADER = YES;
				GCC_PREFIX_HEADER = "SMKCommon/SMKCommon-Prefix.pch";
				INSTALL_PATH = /Support/lib;
				PRIVATE_HEADERS_FOLDER_PATH = /Support/include;
				PRODUCT_NAME = "$(TARGET_NAME)";
				PUBLIC_HEADERS_FOLDER_PATH = /Support/include;
			};
			name = Release;
		};
		DADEA9BF14F515EE00AF5176 /* Debug */ = {
			isa = XCBuildConfiguration;
			buildSettings = {
				FRAMEWORK_SEARCH_PATHS = "$(DEVELOPER_LIBRARY_DIR)/Frameworks";
				GCC_PRECOMPILE_PREFIX_HEADER = YES;
				GCC_PREFIX_HEADER = "SMKCommon/SMKCommon-Prefix.pch";
				INFOPLIST_FILE = "SMKCommonTests/SMKCommonTests-Info.plist";
				LIBRARY_SEARCH_PATHS = (
					"$(inherited)",
					/Support/lib,
					"\"$(SDKROOT)/usr/lib/i686-apple-darwin11/4.2.1\"",
				);
				PRODUCT_NAME = "$(TARGET_NAME)";
				WRAPPER_EXTENSION = octest;
			};
			name = Debug;
		};
		DADEA9C014F515EE00AF5176 /* Release */ = {
			isa = XCBuildConfiguration;
			buildSettings = {
				FRAMEWORK_SEARCH_PATHS = "$(DEVELOPER_LIBRARY_DIR)/Frameworks";
				GCC_PRECOMPILE_PREFIX_HEADER = YES;
				GCC_PREFIX_HEADER = "SMKCommon/SMKCommon-Prefix.pch";
				INFOPLIST_FILE = "SMKCommonTests/SMKCommonTests-Info.plist";
				LIBRARY_SEARCH_PATHS = (
					"$(inherited)",
					/Support/lib,
					"\"$(SDKROOT)/usr/lib/i686-apple-darwin11/4.2.1\"",
				);
				PRODUCT_NAME = "$(TARGET_NAME)";
				WRAPPER_EXTENSION = octest;
			};
			name = Release;
		};
/* End XCBuildConfiguration section */

/* Begin XCConfigurationList section */
		DADEA98F14F515ED00AF5176 /* Build configuration list for PBXProject "SMKCommon" */ = {
			isa = XCConfigurationList;
			buildConfigurations = (
				DADEA9B914F515EE00AF5176 /* Debug */,
				DADEA9BA14F515EE00AF5176 /* Release */,
			);
			defaultConfigurationIsVisible = 0;
			defaultConfigurationName = Debug;
		};
		DADEA9BB14F515EE00AF5176 /* Build configuration list for PBXNativeTarget "SMKCommon" */ = {
			isa = XCConfigurationList;
			buildConfigurations = (
				DADEA9BC14F515EE00AF5176 /* Debug */,
				DADEA9BD14F515EE00AF5176 /* Release */,
			);
			defaultConfigurationIsVisible = 0;
			defaultConfigurationName = Debug;
		};
		DADEA9BE14F515EE00AF5176 /* Build configuration list for PBXNativeTarget "SMKCommonTests" */ = {
			isa = XCConfigurationList;
			buildConfigurations = (
				DADEA9BF14F515EE00AF5176 /* Debug */,
				DADEA9C014F515EE00AF5176 /* Release */,
			);
			defaultConfigurationIsVisible = 0;
			defaultConfigurationName = Debug;
		};
/* End XCConfigurationList section */
	};
	rootObject = DADEA98C14F515ED00AF5176 /* Project object */;
}
